{
  "projects": [
    {
      "projectId": "ibfR7vmr1rPFsEqk4Lonig",
      "version": "latest",
      "dependencies": {},
      "lang": "ts",
      "fileLocks": [
        {
          "type": "globalVariant",
          "assetId": "cW6U_bg7q_zKq",
          "checksum": "fe7bb00818852b92e8e9d5cf6746c8e9"
        },
        {
          "assetId": "ibfR7vmr1rPFsEqk4Lonig",
          "type": "projectCss",
          "checksum": "259558e760efcccea4d6edffa7337fd2"
        },
        {
          "type": "renderModule",
          "assetId": "9K4d8IPAiFHB",
          "checksum": "3ed1c6e0d40453b10eceda840364035c"
        },
        {
          "type": "cssRules",
          "assetId": "9K4d8IPAiFHB",
          "checksum": "3ed1c6e0d40453b10eceda840364035c"
        },
        {
          "type": "renderModule",
          "assetId": "sKY1DHsbffbU",
          "checksum": "395921df2c9adc2a575ff19213e67f4d"
        },
        {
          "type": "cssRules",
          "assetId": "sKY1DHsbffbU",
          "checksum": "395921df2c9adc2a575ff19213e67f4d"
        },
        {
          "type": "renderModule",
          "assetId": "OKOtgwz3wDfD",
          "checksum": "7a7c3ec3a40a03719e8585a18426308c"
        },
        {
          "type": "cssRules",
          "assetId": "OKOtgwz3wDfD",
          "checksum": "7a7c3ec3a40a03719e8585a18426308c"
        },
        {
          "type": "renderModule",
          "assetId": "rAcYS8s5mLjUI",
          "checksum": "a27a101e78624cb9b366fae1891268eb"
        },
        {
          "type": "cssRules",
          "assetId": "rAcYS8s5mLjUI",
          "checksum": "a27a101e78624cb9b366fae1891268eb"
        },
        {
          "type": "renderModule",
          "assetId": "yfti2SujIofs6",
          "checksum": "2cdd8360328319e15337524e6a80d427"
        },
        {
          "type": "cssRules",
          "assetId": "yfti2SujIofs6",
          "checksum": "2cdd8360328319e15337524e6a80d427"
        },
        {
          "type": "renderModule",
          "assetId": "EYvkRkRe4i_Ck",
          "checksum": "66c407ef0b880916830b4078eee8d737"
        },
        {
          "type": "cssRules",
          "assetId": "EYvkRkRe4i_Ck",
          "checksum": "66c407ef0b880916830b4078eee8d737"
        },
        {
          "type": "renderModule",
          "assetId": "8FZnvWGwCCQxJ",
          "checksum": "870b27abae065a89c687a31796d05a66"
        },
        {
          "type": "cssRules",
          "assetId": "8FZnvWGwCCQxJ",
          "checksum": "870b27abae065a89c687a31796d05a66"
        },
        {
          "type": "renderModule",
          "assetId": "Qi0ShKRJYJRt_",
          "checksum": "f8642f1f1f4e45e27ce51b6e719a5d4d"
        },
        {
          "type": "cssRules",
          "assetId": "Qi0ShKRJYJRt_",
          "checksum": "f8642f1f1f4e45e27ce51b6e719a5d4d"
        },
        {
          "type": "renderModule",
          "assetId": "ZvTcBteXOIHCP",
          "checksum": "09bf9c9f0b535e76cd48722e3a6b0658"
        },
        {
          "type": "cssRules",
          "assetId": "ZvTcBteXOIHCP",
          "checksum": "09bf9c9f0b535e76cd48722e3a6b0658"
        },
        {
          "type": "renderModule",
          "assetId": "q-8sbgtQX1z0z",
          "checksum": "9621e9fb17fa5b2c64168392870138b0"
        },
        {
          "type": "cssRules",
          "assetId": "q-8sbgtQX1z0z",
          "checksum": "9621e9fb17fa5b2c64168392870138b0"
        },
        {
          "type": "renderModule",
          "assetId": "uNGEa4X6K63Lt",
          "checksum": "9f6ffddd77e9666768e0dae795b43174"
        },
        {
          "type": "cssRules",
          "assetId": "uNGEa4X6K63Lt",
          "checksum": "9f6ffddd77e9666768e0dae795b43174"
        },
        {
          "type": "icon",
          "assetId": "DvWdGWWfpGGKf",
          "checksum": "bc067715bc55850c8f52faf0fb814dc0"
        },
        {
          "type": "icon",
          "assetId": "Qvsg-h8KPf5_q",
          "checksum": "faed9fa3a7a5748d368bfe34fb3c0416"
        },
        {
          "type": "icon",
          "assetId": "rdC4F5MXut8gZ",
          "checksum": "27740166a053f41fd4d1dfa5a1215403"
        },
        {
          "type": "icon",
          "assetId": "jwfUiW644G2H7",
          "checksum": "a277f9129e71a45b8a7c8e6b6e45c4e7"
        },
        {
          "type": "icon",
          "assetId": "iWXg7c0kiDNGy",
          "checksum": "1287ca5a5f7fef73e4b66b4dd4e4734f"
        },
        {
          "type": "icon",
          "assetId": "OL8v371HjLzJw",
          "checksum": "ff5c8dd3000c3732df7a98ceda48077b"
        },
        {
          "type": "icon",
          "assetId": "EjxtA7T5GLN-T",
          "checksum": "abc3ba586c7fa36dffc972fd36b5a5f1"
        },
        {
          "type": "icon",
          "assetId": "bO1ocPxWDUY3d",
          "checksum": "68ebfc66ea50706b197e64aa5e6c4e1d"
        },
        {
          "type": "icon",
          "assetId": "wri9n3EW7VwQj",
          "checksum": "e5b15813675426ee987c84a63bb3b199"
        },
        {
          "type": "image",
          "assetId": "zz-xk04SqQrVW",
          "checksum": "117118eaed717b1e31f38a3981605f95"
        },
        {
          "type": "image",
          "assetId": "ykmb0DJK5-h_D",
          "checksum": "177729b46aba0904a09c82b160a3893c"
        },
        {
          "type": "image",
          "assetId": "UgKujdz5VO1t7",
          "checksum": "6faa65bf000d72500da2114b2462830e"
        },
        {
          "type": "image",
          "assetId": "6zkQ_B0ljVu2q",
          "checksum": "5381cc13e9aed6dc27c86c4c850d9265"
        },
        {
          "type": "image",
          "assetId": "XVggln3vOzoTF",
          "checksum": "d9171e31658ea33e7208160662ea3ea4"
        },
        {
          "type": "image",
          "assetId": "0TpOJHv3NSGkf",
          "checksum": "3156889d89b89545c751130d2630b93d"
        },
        {
          "type": "image",
          "assetId": "5c-QyCNUUYO7b",
          "checksum": "6b4542bf85314fb9c0ce66f7ea034d01"
        },
        {
          "type": "image",
          "assetId": "Epm9y9t8UgYhG",
          "checksum": "64ea26221f112e9cbfbdb3e48965949a"
        },
        {
          "type": "image",
          "assetId": "l5u3BYsRMFZ5t",
          "checksum": "5c165d89f1a8d38936a9c93ff1e59f6c"
        },
        {
          "type": "image",
          "assetId": "8l8Sdo5KPQwrJ",
          "checksum": "37341c4985f6cc66d14a969280c4d1d7"
        },
        {
          "type": "image",
          "assetId": "UwNWuslVpM5bg",
          "checksum": "ec20ff07089f341005ad10e62c9b72a7"
        },
        {
          "type": "image",
          "assetId": "F53b4JwhAfYy8",
          "checksum": "28daff4116b4a4fa70d7207a13691d6c"
        },
        {
          "type": "image",
          "assetId": "5zHcUlmqTQNM2",
          "checksum": "78f84b0283aceb06058a85470a35d221"
        },
        {
          "type": "image",
          "assetId": "gUEZGXjZ8rMaW",
          "checksum": "82610691d45b6c17f87c2f42e0447f7d"
        },
        {
          "type": "image",
          "assetId": "1Kl2lbfUvDZGq",
          "checksum": "286d5b7d2662c0a2e8f196cb17863cc3"
        },
        {
          "type": "image",
          "assetId": "D4BBIcUHBiOz4",
          "checksum": "4116895435ae6f349898ffe21e40c824"
        },
        {
          "type": "image",
          "assetId": "evE3PrL_UxAfA",
          "checksum": "94c0cb2a650d2ccdea6500509624d106"
        },
        {
          "type": "image",
          "assetId": "qA7NgXuUmLMDn",
          "checksum": "2f162ca6890e2d6c37e359c1bb5b2199"
        },
        {
          "type": "image",
          "assetId": "u7M2ETH9VG0Iz",
          "checksum": "31e18b7388c2c335a65dabb2e5654872"
        },
        {
          "type": "image",
          "assetId": "wp3s5s97EfHzA",
          "checksum": "5937b6317d93203b3164b4d243d42358"
        },
        {
          "type": "image",
          "assetId": "eE9to8qz8XEkX",
          "checksum": "8558461e5e4a14962235dff4b511bec8"
        },
        {
          "type": "image",
          "assetId": "CkV_GAZkLBO89",
          "checksum": "3dd7a3cbe01034740f32f144350670ad"
        },
        {
          "type": "image",
          "assetId": "k_Otm3R0vUF5R",
          "checksum": "3bbea506d5a77526eb82913727085b89"
        },
        {
          "type": "image",
          "assetId": "DxDljZfg4-f5K",
          "checksum": "88df069114bce776a06ee7796af4880f"
        },
        {
          "type": "image",
          "assetId": "zEWe94HF-Qxcm",
          "checksum": "e8afe02b3734f0000b8d35fee4d533a1"
        },
        {
          "type": "image",
          "assetId": "NKgbgA53NXXav",
          "checksum": "3f386edd55804c0839edec0a0bf109a1"
        },
        {
          "type": "image",
          "assetId": "ETKNkHxEiZaP1",
          "checksum": "e16e31976dda7b47dd6ce60b8da43cd2"
        },
        {
          "type": "image",
          "assetId": "tEWj4c4z_DVCf",
          "checksum": "147999cbbd8dc985eee47e266bec2296"
        },
        {
          "type": "image",
          "assetId": "a8ZOWahJFr-6H",
          "checksum": "4336fd8a2c9fd2e3657dcb6633382296"
        },
        {
          "type": "image",
          "assetId": "bohpNWcPmUu1j",
          "checksum": "f9027c68965197b155a49c71f180e150"
        },
        {
          "type": "image",
          "assetId": "s7CtHBuDmQ09P",
          "checksum": "f63811fc0c03b6759374efbb0e1d8539"
        },
        {
          "type": "image",
          "assetId": "0fXeSj3jqjF7g",
          "checksum": "738ac9a9cc7c51ca1043d7f72b12f24a"
        },
        {
          "type": "image",
          "assetId": "biWQCF7djW7xG",
          "checksum": "57cd7f659617583301a33bcadf77fee3"
        },
        {
          "type": "image",
          "assetId": "wyl41FFXgpsy2",
          "checksum": "4999a9df9096b907096fbec8a2895ff5"
        },
        {
          "type": "image",
          "assetId": "oer3XeAXTEPgz",
          "checksum": "2990504a71a1128443e1763a08eb23f4"
        },
        {
          "type": "image",
          "assetId": "JjccKJ_CldDgm",
          "checksum": "0fd4ec3742e88454e9707d53784007ee"
        },
        {
          "type": "image",
          "assetId": "dwtQC2qXpUqzz",
          "checksum": "71a6bcd42a427648a0f9d2403d9b1510"
        }
      ],
      "codegenVersion": "0.0.1"
    }
  ],
  "cliVersion": "0.1.189"
}
